
Microsoft Visual Studio Solution File, Format Version 12.00
# Visual Studio 2013
VisualStudioVersion = 12.0.30723.0
MinimumVisualStudioVersion = 10.0.40219.1
Project("{FAE04EC0-301F-11D3-BF4B-00C04F79EFBC}") = "Julia", "Julia\Julia.csproj", "{F34E551A-3B13-4E0B-92F4-A211DBF4385A}"
EndProject
Global
	GlobalSection(SolutionConfigurationPlatforms) = preSolution
		Debug|Any CPU = Debug|Any CPU
		Release|Any CPU = Release|Any CPU
	EndGlobalSection
	GlobalSection(ProjectConfigurationPlatforms) = postSolution
		{F34E551A-3B13-4E0B-92F4-A211DBF4385A}.Debug|Any CPU.ActiveCfg = Debug|Any CPU
		{F34E551A-3B13-4E0B-92F4-A211DBF4385A}.Debug|Any CPU.Build.0 = Debug|Any CPU
		{F34E551A-3B13-4E0B-92F4-A211DBF4385A}.Release|Any CPU.ActiveCfg = Release|Any CPU
		{F34E551A-3B13-4E0B-92F4-A211DBF4385A}.Release|Any CPU.Build.0 = Release|Any CPU
	EndGlobalSection
	GlobalSection(SolutionProperties) = preSolution
		HideSolutionNode = FALSE
	EndGlobalSection
EndGlobal
